
Microsoft Visual Studio Solution File, Format Version 12.00
# Visual Studio Version 17
VisualStudioVersion = 17.0.31903.59
MinimumVisualStudioVersion = 10.0.40219.1
Project("{FAE04EC0-301F-11D3-BF4B-00C04F79EFBC}") = "FixedEditor.App", "FixedEditor.App\FixedEditor.App.csproj", "{E2D26BAF-34D1-4D81-A249-DC68742B5CA2}"
EndProject
Project("{FAE04EC0-301F-11D3-BF4B-00C04F79EFBC}") = "FixedEditor.Core", "FixedEditor.Core\FixedEditor.Core.csproj", "{E0C0AD29-9389-43AC-80FD-7750060DA490}"
EndProject
Global
	GlobalSection(SolutionConfigurationPlatforms) = preSolution
		Debug|Any CPU = Debug|Any CPU
		Debug|x64 = Debug|x64
		Debug|x86 = Debug|x86
		Release|Any CPU = Release|Any CPU
		Release|x64 = Release|x64
		Release|x86 = Release|x86
	EndGlobalSection
	GlobalSection(ProjectConfigurationPlatforms) = postSolution
		{E2D26BAF-34D1-4D81-A249-DC68742B5CA2}.Debug|Any CPU.ActiveCfg = Debug|Any CPU
		{E2D26BAF-34D1-4D81-A249-DC68742B5CA2}.Debug|Any CPU.Build.0 = Debug|Any CPU
		{E2D26BAF-34D1-4D81-A249-DC68742B5CA2}.Debug|x64.ActiveCfg = Debug|x64
		{E2D26BAF-34D1-4D81-A249-DC68742B5CA2}.Debug|x64.Build.0 = Debug|x64
		{E2D26BAF-34D1-4D81-A249-DC68742B5CA2}.Debug|x86.ActiveCfg = Debug|Any CPU
		{E2D26BAF-34D1-4D81-A249-DC68742B5CA2}.Debug|x86.Build.0 = Debug|Any CPU
		{E2D26BAF-34D1-4D81-A249-DC68742B5CA2}.Release|Any CPU.ActiveCfg = Release|Any CPU
		{E2D26BAF-34D1-4D81-A249-DC68742B5CA2}.Release|Any CPU.Build.0 = Release|Any CPU
		{E2D26BAF-34D1-4D81-A249-DC68742B5CA2}.Release|x64.ActiveCfg = Release|x64
		{E2D26BAF-34D1-4D81-A249-DC68742B5CA2}.Release|x64.Build.0 = Release|x64
		{E2D26BAF-34D1-4D81-A249-DC68742B5CA2}.Release|x86.ActiveCfg = Release|Any CPU
		{E2D26BAF-34D1-4D81-A249-DC68742B5CA2}.Release|x86.Build.0 = Release|Any CPU
		{E0C0AD29-9389-43AC-80FD-7750060DA490}.Debug|Any CPU.ActiveCfg = Debug|Any CPU
		{E0C0AD29-9389-43AC-80FD-7750060DA490}.Debug|Any CPU.Build.0 = Debug|Any CPU
		{E0C0AD29-9389-43AC-80FD-7750060DA490}.Debug|x64.ActiveCfg = Debug|x64
		{E0C0AD29-9389-43AC-80FD-7750060DA490}.Debug|x64.Build.0 = Debug|x64
		{E0C0AD29-9389-43AC-80FD-7750060DA490}.Debug|x86.ActiveCfg = Debug|Any CPU
		{E0C0AD29-9389-43AC-80FD-7750060DA490}.Debug|x86.Build.0 = Debug|Any CPU
		{E0C0AD29-9389-43AC-80FD-7750060DA490}.Release|Any CPU.ActiveCfg = Release|Any CPU
		{E0C0AD29-9389-43AC-80FD-7750060DA490}.Release|Any CPU.Build.0 = Release|Any CPU
		{E0C0AD29-9389-43AC-80FD-7750060DA490}.Release|x64.ActiveCfg = Release|x64
		{E0C0AD29-9389-43AC-80FD-7750060DA490}.Release|x64.Build.0 = Release|x64
		{E0C0AD29-9389-43AC-80FD-7750060DA490}.Release|x86.ActiveCfg = Release|Any CPU
		{E0C0AD29-9389-43AC-80FD-7750060DA490}.Release|x86.Build.0 = Release|Any CPU
	EndGlobalSection
	GlobalSection(SolutionProperties) = preSolution
		HideSolutionNode = FALSE
	EndGlobalSection
EndGlobal
